
Microsoft Visual Studio Solution File, Format Version 12.00
# Visual Studio Version 16
VisualStudioVersion = 16.0.29025.244
MinimumVisualStudioVersion = 10.0.40219.1
Project("{FAE04EC0-301F-11D3-BF4B-00C04F79EFBC}") = "MVCRadyaEmployee", "MVCRadyaEmployee\MVCRadyaEmployee.csproj", "{68114543-3D6F-404E-A10F-5DF3702D5F56}"
EndProject
Global
	GlobalSection(SolutionConfigurationPlatforms) = preSolution
		Debug|Any CPU = Debug|Any CPU
		Release|Any CPU = Release|Any CPU
	EndGlobalSection
	GlobalSection(ProjectConfigurationPlatforms) = postSolution
		{68114543-3D6F-404E-A10F-5DF3702D5F56}.Debug|Any CPU.ActiveCfg = Debug|Any CPU
		{68114543-3D6F-404E-A10F-5DF3702D5F56}.Debug|Any CPU.Build.0 = Debug|Any CPU
		{68114543-3D6F-404E-A10F-5DF3702D5F56}.Release|Any CPU.ActiveCfg = Release|Any CPU
		{68114543-3D6F-404E-A10F-5DF3702D5F56}.Release|Any CPU.Build.0 = Release|Any CPU
	EndGlobalSection
	GlobalSection(SolutionProperties) = preSolution
		HideSolutionNode = FALSE
	EndGlobalSection
	GlobalSection(ExtensibilityGlobals) = postSolution
		SolutionGuid = {C9A5EEF3-609E-488F-A161-C2F7E9544B60}
	EndGlobalSection
EndGlobal
