
Microsoft Visual Studio Solution File, Format Version 12.00
# Visual Studio Version 16
VisualStudioVersion = 16.0.29025.244
MinimumVisualStudioVersion = 10.0.40219.1
Project("{FAE04EC0-301F-11D3-BF4B-00C04F79EFBC}") = "KovalevsheroMVC", "KovalevsheroMVC\KovalevsheroMVC.csproj", "{B20A6B31-0757-47EB-ABDD-4DA170397D69}"
EndProject
Global
	GlobalSection(SolutionConfigurationPlatforms) = preSolution
		Debug|Any CPU = Debug|Any CPU
		Release|Any CPU = Release|Any CPU
	EndGlobalSection
	GlobalSection(ProjectConfigurationPlatforms) = postSolution
		{B20A6B31-0757-47EB-ABDD-4DA170397D69}.Debug|Any CPU.ActiveCfg = Debug|Any CPU
		{B20A6B31-0757-47EB-ABDD-4DA170397D69}.Debug|Any CPU.Build.0 = Debug|Any CPU
		{B20A6B31-0757-47EB-ABDD-4DA170397D69}.Release|Any CPU.ActiveCfg = Release|Any CPU
		{B20A6B31-0757-47EB-ABDD-4DA170397D69}.Release|Any CPU.Build.0 = Release|Any CPU
	EndGlobalSection
	GlobalSection(SolutionProperties) = preSolution
		HideSolutionNode = FALSE
	EndGlobalSection
	GlobalSection(ExtensibilityGlobals) = postSolution
		SolutionGuid = {972A3D9A-435D-44E7-94E4-7CCCEC621BD2}
	EndGlobalSection
EndGlobal
