
Microsoft Visual Studio Solution File, Format Version 12.00
# Visual Studio Version 16
VisualStudioVersion = 16.0.29009.5
MinimumVisualStudioVersion = 10.0.40219.1
Project("{9A19103F-16F7-4668-BE54-9A1E7A4F7556}") = "HelloRadyaWebMVC", "HelloRadyaWebMVC.csproj", "{24B41DFD-A63D-470F-AB64-38BD5172572E}"
EndProject
Global
	GlobalSection(SolutionConfigurationPlatforms) = preSolution
		Debug|Any CPU = Debug|Any CPU
		Release|Any CPU = Release|Any CPU
	EndGlobalSection
	GlobalSection(ProjectConfigurationPlatforms) = postSolution
		{24B41DFD-A63D-470F-AB64-38BD5172572E}.Debug|Any CPU.ActiveCfg = Debug|Any CPU
		{24B41DFD-A63D-470F-AB64-38BD5172572E}.Debug|Any CPU.Build.0 = Debug|Any CPU
		{24B41DFD-A63D-470F-AB64-38BD5172572E}.Release|Any CPU.ActiveCfg = Release|Any CPU
		{24B41DFD-A63D-470F-AB64-38BD5172572E}.Release|Any CPU.Build.0 = Release|Any CPU
	EndGlobalSection
	GlobalSection(SolutionProperties) = preSolution
		HideSolutionNode = FALSE
	EndGlobalSection
	GlobalSection(ExtensibilityGlobals) = postSolution
		SolutionGuid = {838CE4D8-F9C7-4D69-8E81-2EA5E7AF12D0}
	EndGlobalSection
EndGlobal
