
Microsoft Visual Studio Solution File, Format Version 12.00
# Visual Studio Version 16
VisualStudioVersion = 16.0.29009.5
MinimumVisualStudioVersion = 10.0.40219.1
Project("{9A19103F-16F7-4668-BE54-9A1E7A4F7556}") = "RadyaHelloWebApi", "RadyaHelloWebApi.csproj", "{024DC8E3-4714-4E1C-A746-7CD7C6B170EF}"
EndProject
Global
	GlobalSection(SolutionConfigurationPlatforms) = preSolution
		Debug|Any CPU = Debug|Any CPU
		Release|Any CPU = Release|Any CPU
	EndGlobalSection
	GlobalSection(ProjectConfigurationPlatforms) = postSolution
		{024DC8E3-4714-4E1C-A746-7CD7C6B170EF}.Debug|Any CPU.ActiveCfg = Debug|Any CPU
		{024DC8E3-4714-4E1C-A746-7CD7C6B170EF}.Debug|Any CPU.Build.0 = Debug|Any CPU
		{024DC8E3-4714-4E1C-A746-7CD7C6B170EF}.Release|Any CPU.ActiveCfg = Release|Any CPU
		{024DC8E3-4714-4E1C-A746-7CD7C6B170EF}.Release|Any CPU.Build.0 = Release|Any CPU
	EndGlobalSection
	GlobalSection(SolutionProperties) = preSolution
		HideSolutionNode = FALSE
	EndGlobalSection
	GlobalSection(ExtensibilityGlobals) = postSolution
		SolutionGuid = {16A88EB3-AB7E-4337-BD2B-CE2988315840}
	EndGlobalSection
EndGlobal
