
Microsoft Visual Studio Solution File, Format Version 12.00
# Visual Studio Version 16
VisualStudioVersion = 16.0.29025.244
MinimumVisualStudioVersion = 10.0.40219.1
Project("{FAE04EC0-301F-11D3-BF4B-00C04F79EFBC}") = "ConsoleAppKaryawan", "ConsoleAppKaryawan\ConsoleAppKaryawan.csproj", "{0CC03DA6-7C0C-4656-8F46-9BFE446EB9F0}"
EndProject
Global
	GlobalSection(SolutionConfigurationPlatforms) = preSolution
		Debug|Any CPU = Debug|Any CPU
		Release|Any CPU = Release|Any CPU
	EndGlobalSection
	GlobalSection(ProjectConfigurationPlatforms) = postSolution
		{0CC03DA6-7C0C-4656-8F46-9BFE446EB9F0}.Debug|Any CPU.ActiveCfg = Debug|Any CPU
		{0CC03DA6-7C0C-4656-8F46-9BFE446EB9F0}.Debug|Any CPU.Build.0 = Debug|Any CPU
		{0CC03DA6-7C0C-4656-8F46-9BFE446EB9F0}.Release|Any CPU.ActiveCfg = Release|Any CPU
		{0CC03DA6-7C0C-4656-8F46-9BFE446EB9F0}.Release|Any CPU.Build.0 = Release|Any CPU
	EndGlobalSection
	GlobalSection(SolutionProperties) = preSolution
		HideSolutionNode = FALSE
	EndGlobalSection
	GlobalSection(ExtensibilityGlobals) = postSolution
		SolutionGuid = {BC83D50E-D5B4-4856-BBB9-5A89C0C917A8}
	EndGlobalSection
EndGlobal
